
Microsoft Visual Studio Solution File, Format Version 12.00
# Visual Studio 15
VisualStudioVersion = 15.0.28307.705
MinimumVisualStudioVersion = 10.0.40219.1
Project("{FAE04EC0-301F-11D3-BF4B-00C04F79EFBC}") = "Aula_MVC", "Aula_MVC\Aula_MVC.csproj", "{6768CB85-8323-438F-9738-7A8E3AAF5E18}"
EndProject
Project("{FAE04EC0-301F-11D3-BF4B-00C04F79EFBC}") = "Atividade1", "Atividade1\Atividade1.csproj", "{52C8B6A0-1291-4402-965B-78A210AF08B4}"
EndProject
Global
	GlobalSection(SolutionConfigurationPlatforms) = preSolution
		Debug|Any CPU = Debug|Any CPU
		Release|Any CPU = Release|Any CPU
	EndGlobalSection
	GlobalSection(ProjectConfigurationPlatforms) = postSolution
		{6768CB85-8323-438F-9738-7A8E3AAF5E18}.Debug|Any CPU.ActiveCfg = Debug|Any CPU
		{6768CB85-8323-438F-9738-7A8E3AAF5E18}.Debug|Any CPU.Build.0 = Debug|Any CPU
		{6768CB85-8323-438F-9738-7A8E3AAF5E18}.Release|Any CPU.ActiveCfg = Release|Any CPU
		{6768CB85-8323-438F-9738-7A8E3AAF5E18}.Release|Any CPU.Build.0 = Release|Any CPU
		{52C8B6A0-1291-4402-965B-78A210AF08B4}.Debug|Any CPU.ActiveCfg = Debug|Any CPU
		{52C8B6A0-1291-4402-965B-78A210AF08B4}.Debug|Any CPU.Build.0 = Debug|Any CPU
		{52C8B6A0-1291-4402-965B-78A210AF08B4}.Release|Any CPU.ActiveCfg = Release|Any CPU
		{52C8B6A0-1291-4402-965B-78A210AF08B4}.Release|Any CPU.Build.0 = Release|Any CPU
	EndGlobalSection
	GlobalSection(SolutionProperties) = preSolution
		HideSolutionNode = FALSE
	EndGlobalSection
	GlobalSection(ExtensibilityGlobals) = postSolution
		SolutionGuid = {A8CDDA79-F691-4B6F-AAD9-E79D4FEC2EAA}
	EndGlobalSection
EndGlobal
